
Microsoft Visual Studio Solution File, Format Version 12.00
# Visual Studio Version 17
VisualStudioVersion = 17.0.31903.59
MinimumVisualStudioVersion = 10.0.40219.1
Project("{9A19103F-16F7-4668-BE54-9A1E7A4F7556}") = "Kysect.DotnetProjectSystem", "Kysect.DotnetProjectSystem\Kysect.DotnetProjectSystem.csproj", "{DA92AE43-5B94-4BA4-BC9C-F516347FB065}"
EndProject
Project("{9A19103F-16F7-4668-BE54-9A1E7A4F7556}") = "Kysect.DotnetProjectSystem.Tests", "Kysect.DotnetProjectSystem.Tests\Kysect.DotnetProjectSystem.Tests.csproj", "{CBB421F4-86A7-4237-AEB4-A6563C37BCE7}"
EndProject
Global
	GlobalSection(SolutionConfigurationPlatforms) = preSolution
		Debug|Any CPU = Debug|Any CPU
		Release|Any CPU = Release|Any CPU
	EndGlobalSection
	GlobalSection(ProjectConfigurationPlatforms) = postSolution
		{DA92AE43-5B94-4BA4-BC9C-F516347FB065}.Debug|Any CPU.ActiveCfg = Debug|Any CPU
		{DA92AE43-5B94-4BA4-BC9C-F516347FB065}.Debug|Any CPU.Build.0 = Debug|Any CPU
		{DA92AE43-5B94-4BA4-BC9C-F516347FB065}.Release|Any CPU.ActiveCfg = Release|Any CPU
		{DA92AE43-5B94-4BA4-BC9C-F516347FB065}.Release|Any CPU.Build.0 = Release|Any CPU
		{CBB421F4-86A7-4237-AEB4-A6563C37BCE7}.Debug|Any CPU.ActiveCfg = Debug|Any CPU
		{CBB421F4-86A7-4237-AEB4-A6563C37BCE7}.Debug|Any CPU.Build.0 = Debug|Any CPU
		{CBB421F4-86A7-4237-AEB4-A6563C37BCE7}.Release|Any CPU.ActiveCfg = Release|Any CPU
		{CBB421F4-86A7-4237-AEB4-A6563C37BCE7}.Release|Any CPU.Build.0 = Release|Any CPU
	EndGlobalSection
	GlobalSection(SolutionProperties) = preSolution
		HideSolutionNode = FALSE
	EndGlobalSection
	GlobalSection(ExtensibilityGlobals) = postSolution
		SolutionGuid = {EAEBEEAB-329C-4EEE-9B5F-9EBD62B1121F}
	EndGlobalSection
EndGlobal
